
Microsoft Visual Studio Solution File, Format Version 12.00
# Visual Studio 15
VisualStudioVersion = 15.0.28307.329
MinimumVisualStudioVersion = 10.0.40219.1
Project("{FAE04EC0-301F-11D3-BF4B-00C04F79EFBC}") = "OverloadMethodAssignment", "OverloadMethodAssignment\OverloadMethodAssignment.csproj", "{33C90DE9-37C6-47AE-9896-BCEFE61B1B44}"
EndProject
Global
	GlobalSection(SolutionConfigurationPlatforms) = preSolution
		Debug|Any CPU = Debug|Any CPU
		Release|Any CPU = Release|Any CPU
	EndGlobalSection
	GlobalSection(ProjectConfigurationPlatforms) = postSolution
		{33C90DE9-37C6-47AE-9896-BCEFE61B1B44}.Debug|Any CPU.ActiveCfg = Debug|Any CPU
		{33C90DE9-37C6-47AE-9896-BCEFE61B1B44}.Debug|Any CPU.Build.0 = Debug|Any CPU
		{33C90DE9-37C6-47AE-9896-BCEFE61B1B44}.Release|Any CPU.ActiveCfg = Release|Any CPU
		{33C90DE9-37C6-47AE-9896-BCEFE61B1B44}.Release|Any CPU.Build.0 = Release|Any CPU
	EndGlobalSection
	GlobalSection(SolutionProperties) = preSolution
		HideSolutionNode = FALSE
	EndGlobalSection
	GlobalSection(ExtensibilityGlobals) = postSolution
		SolutionGuid = {6C101034-8AB9-49C2-A906-BA5884530429}
	EndGlobalSection
EndGlobal
