
Microsoft Visual Studio Solution File, Format Version 12.00
# Visual Studio 15
VisualStudioVersion = 15.0.28307.329
MinimumVisualStudioVersion = 10.0.40219.1
Project("{FAE04EC0-301F-11D3-BF4B-00C04F79EFBC}") = "LoopsAssignmentDoWhile2", "LoopsAssignmentDoWhile2\LoopsAssignmentDoWhile2.csproj", "{664E6B40-65C3-4DBF-98B3-BD0E2269856B}"
EndProject
Global
	GlobalSection(SolutionConfigurationPlatforms) = preSolution
		Debug|Any CPU = Debug|Any CPU
		Release|Any CPU = Release|Any CPU
	EndGlobalSection
	GlobalSection(ProjectConfigurationPlatforms) = postSolution
		{664E6B40-65C3-4DBF-98B3-BD0E2269856B}.Debug|Any CPU.ActiveCfg = Debug|Any CPU
		{664E6B40-65C3-4DBF-98B3-BD0E2269856B}.Debug|Any CPU.Build.0 = Debug|Any CPU
		{664E6B40-65C3-4DBF-98B3-BD0E2269856B}.Release|Any CPU.ActiveCfg = Release|Any CPU
		{664E6B40-65C3-4DBF-98B3-BD0E2269856B}.Release|Any CPU.Build.0 = Release|Any CPU
	EndGlobalSection
	GlobalSection(SolutionProperties) = preSolution
		HideSolutionNode = FALSE
	EndGlobalSection
	GlobalSection(ExtensibilityGlobals) = postSolution
		SolutionGuid = {D2DA775C-3FFF-4F9A-AAF4-D370B40637F6}
	EndGlobalSection
EndGlobal
