
Microsoft Visual Studio Solution File, Format Version 12.00
# Visual Studio 15
VisualStudioVersion = 15.0.28307.329
MinimumVisualStudioVersion = 10.0.40219.1
Project("{FAE04EC0-301F-11D3-BF4B-00C04F79EFBC}") = "Welcome to Acme", "Welcome to Acme\Welcome to Acme.csproj", "{0FB1DEDE-7069-492D-8076-872383DF37C9}"
EndProject
Global
	GlobalSection(SolutionConfigurationPlatforms) = preSolution
		Debug|Any CPU = Debug|Any CPU
		Release|Any CPU = Release|Any CPU
	EndGlobalSection
	GlobalSection(ProjectConfigurationPlatforms) = postSolution
		{0FB1DEDE-7069-492D-8076-872383DF37C9}.Debug|Any CPU.ActiveCfg = Debug|Any CPU
		{0FB1DEDE-7069-492D-8076-872383DF37C9}.Debug|Any CPU.Build.0 = Debug|Any CPU
		{0FB1DEDE-7069-492D-8076-872383DF37C9}.Release|Any CPU.ActiveCfg = Release|Any CPU
		{0FB1DEDE-7069-492D-8076-872383DF37C9}.Release|Any CPU.Build.0 = Release|Any CPU
	EndGlobalSection
	GlobalSection(SolutionProperties) = preSolution
		HideSolutionNode = FALSE
	EndGlobalSection
	GlobalSection(ExtensibilityGlobals) = postSolution
		SolutionGuid = {3DE461F0-FD4B-4E15-9631-9A5429540D72}
	EndGlobalSection
EndGlobal
