
Microsoft Visual Studio Solution File, Format Version 12.00
# Visual Studio 15
VisualStudioVersion = 15.0.28307.329
MinimumVisualStudioVersion = 10.0.40219.1
Project("{FAE04EC0-301F-11D3-BF4B-00C04F79EFBC}") = "LoggingExercise", "LoggingExercise\LoggingExercise.csproj", "{02112D68-3DBB-4025-9AC0-9511A7B03097}"
EndProject
Global
	GlobalSection(SolutionConfigurationPlatforms) = preSolution
		Debug|Any CPU = Debug|Any CPU
		Release|Any CPU = Release|Any CPU
	EndGlobalSection
	GlobalSection(ProjectConfigurationPlatforms) = postSolution
		{02112D68-3DBB-4025-9AC0-9511A7B03097}.Debug|Any CPU.ActiveCfg = Debug|Any CPU
		{02112D68-3DBB-4025-9AC0-9511A7B03097}.Debug|Any CPU.Build.0 = Debug|Any CPU
		{02112D68-3DBB-4025-9AC0-9511A7B03097}.Release|Any CPU.ActiveCfg = Release|Any CPU
		{02112D68-3DBB-4025-9AC0-9511A7B03097}.Release|Any CPU.Build.0 = Release|Any CPU
	EndGlobalSection
	GlobalSection(SolutionProperties) = preSolution
		HideSolutionNode = FALSE
	EndGlobalSection
	GlobalSection(ExtensibilityGlobals) = postSolution
		SolutionGuid = {E396FBDA-3282-4584-B08D-B4927CE20FB7}
	EndGlobalSection
EndGlobal
